
Microsoft Visual Studio Solution File, Format Version 12.00
# Visual Studio 15
VisualStudioVersion = 15.0.26730.10
MinimumVisualStudioVersion = 10.0.40219.1

Project("{6EC3EE1D-3C4E-46DD-8F32-0CC8E7565705}") = "EscapeSaintSauves", "EscapeSaintSauves\EscapeSaintSauves.fsproj", "{6D48A2A5-47D6-4906-AA1C-52C1525D2986}"
EndProject

Project("{F2A71F9B-5D33-465A-A702-920D77279786}") = "EscapeSaintSauves.Android", "EscapeSaintSauves.Android\EscapeSaintSauves.Android.fsproj", "{2BC18F08-59B2-4252-8439-ADF6569A63F2}"
EndProject


Project("{F2A71F9B-5D33-465A-A702-920D77279786}") = "EscapeSaintSauves.iOS", "EscapeSaintSauves.iOS\EscapeSaintSauves.iOS.fsproj", "{40A077CF-B48A-4C48-9569-3204CD52415F}"
EndProject




Global
	GlobalSection(SolutionConfigurationPlatforms) = preSolution
		Ad-Hoc|Any CPU = Ad-Hoc|Any CPU
		Ad-Hoc|ARM = Ad-Hoc|ARM
		Ad-Hoc|iPhone = Ad-Hoc|iPhone
		Ad-Hoc|iPhoneSimulator = Ad-Hoc|iPhoneSimulator
		Ad-Hoc|x64 = Ad-Hoc|x64
		Ad-Hoc|x86 = Ad-Hoc|x86
		AppStore|Any CPU = AppStore|Any CPU
		AppStore|ARM = AppStore|ARM
		AppStore|iPhone = AppStore|iPhone
		AppStore|iPhoneSimulator = AppStore|iPhoneSimulator
		AppStore|x64 = AppStore|x64
		AppStore|x86 = AppStore|x86
		Debug|Any CPU = Debug|Any CPU
		Debug|ARM = Debug|ARM
		Debug|iPhone = Debug|iPhone
		Debug|iPhoneSimulator = Debug|iPhoneSimulator
		Debug|x64 = Debug|x64
		Debug|x86 = Debug|x86
		Release|Any CPU = Release|Any CPU
		Release|ARM = Release|ARM
		Release|iPhone = Release|iPhone
		Release|iPhoneSimulator = Release|iPhoneSimulator
		Release|x64 = Release|x64
		Release|x86 = Release|x86
	EndGlobalSection
	GlobalSection(ProjectConfigurationPlatforms) = postSolution
		{6D48A2A5-47D6-4906-AA1C-52C1525D2986}.Ad-Hoc|Any CPU.ActiveCfg = Debug|Any CPU
		{6D48A2A5-47D6-4906-AA1C-52C1525D2986}.Ad-Hoc|Any CPU.Build.0 = Debug|Any CPU
		{6D48A2A5-47D6-4906-AA1C-52C1525D2986}.Ad-Hoc|ARM.ActiveCfg = Debug|Any CPU
		{6D48A2A5-47D6-4906-AA1C-52C1525D2986}.Ad-Hoc|ARM.Build.0 = Debug|Any CPU
		{6D48A2A5-47D6-4906-AA1C-52C1525D2986}.Ad-Hoc|iPhone.ActiveCfg = Debug|Any CPU
		{6D48A2A5-47D6-4906-AA1C-52C1525D2986}.Ad-Hoc|iPhone.Build.0 = Debug|Any CPU
		{6D48A2A5-47D6-4906-AA1C-52C1525D2986}.Ad-Hoc|iPhoneSimulator.ActiveCfg = Debug|Any CPU
		{6D48A2A5-47D6-4906-AA1C-52C1525D2986}.Ad-Hoc|iPhoneSimulator.Build.0 = Debug|Any CPU
		{6D48A2A5-47D6-4906-AA1C-52C1525D2986}.Ad-Hoc|x64.ActiveCfg = Debug|Any CPU
		{6D48A2A5-47D6-4906-AA1C-52C1525D2986}.Ad-Hoc|x64.Build.0 = Debug|Any CPU
		{6D48A2A5-47D6-4906-AA1C-52C1525D2986}.Ad-Hoc|x86.ActiveCfg = Debug|Any CPU
		{6D48A2A5-47D6-4906-AA1C-52C1525D2986}.Ad-Hoc|x86.Build.0 = Debug|Any CPU
		{6D48A2A5-47D6-4906-AA1C-52C1525D2986}.AppStore|Any CPU.ActiveCfg = Debug|Any CPU
		{6D48A2A5-47D6-4906-AA1C-52C1525D2986}.AppStore|Any CPU.Build.0 = Debug|Any CPU
		{6D48A2A5-47D6-4906-AA1C-52C1525D2986}.AppStore|ARM.ActiveCfg = Debug|Any CPU
		{6D48A2A5-47D6-4906-AA1C-52C1525D2986}.AppStore|ARM.Build.0 = Debug|Any CPU
		{6D48A2A5-47D6-4906-AA1C-52C1525D2986}.AppStore|iPhone.ActiveCfg = Debug|Any CPU
		{6D48A2A5-47D6-4906-AA1C-52C1525D2986}.AppStore|iPhone.Build.0 = Debug|Any CPU
		{6D48A2A5-47D6-4906-AA1C-52C1525D2986}.AppStore|iPhoneSimulator.ActiveCfg = Debug|Any CPU
		{6D48A2A5-47D6-4906-AA1C-52C1525D2986}.AppStore|iPhoneSimulator.Build.0 = Debug|Any CPU
		{6D48A2A5-47D6-4906-AA1C-52C1525D2986}.AppStore|x64.ActiveCfg = Debug|Any CPU
		{6D48A2A5-47D6-4906-AA1C-52C1525D2986}.AppStore|x64.Build.0 = Debug|Any CPU
		{6D48A2A5-47D6-4906-AA1C-52C1525D2986}.AppStore|x86.ActiveCfg = Debug|Any CPU
		{6D48A2A5-47D6-4906-AA1C-52C1525D2986}.AppStore|x86.Build.0 = Debug|Any CPU
		{6D48A2A5-47D6-4906-AA1C-52C1525D2986}.Debug|Any CPU.ActiveCfg = Debug|Any CPU
		{6D48A2A5-47D6-4906-AA1C-52C1525D2986}.Debug|Any CPU.Build.0 = Debug|Any CPU
		{6D48A2A5-47D6-4906-AA1C-52C1525D2986}.Debug|ARM.ActiveCfg = Debug|Any CPU
		{6D48A2A5-47D6-4906-AA1C-52C1525D2986}.Debug|ARM.Build.0 = Debug|Any CPU
		{6D48A2A5-47D6-4906-AA1C-52C1525D2986}.Debug|iPhone.ActiveCfg = Debug|Any CPU
		{6D48A2A5-47D6-4906-AA1C-52C1525D2986}.Debug|iPhone.Build.0 = Debug|Any CPU
		{6D48A2A5-47D6-4906-AA1C-52C1525D2986}.Debug|iPhoneSimulator.ActiveCfg = Debug|Any CPU
		{6D48A2A5-47D6-4906-AA1C-52C1525D2986}.Debug|iPhoneSimulator.Build.0 = Debug|Any CPU
		{6D48A2A5-47D6-4906-AA1C-52C1525D2986}.Debug|x64.ActiveCfg = Debug|Any CPU
		{6D48A2A5-47D6-4906-AA1C-52C1525D2986}.Debug|x64.Build.0 = Debug|Any CPU
		{6D48A2A5-47D6-4906-AA1C-52C1525D2986}.Debug|x86.ActiveCfg = Debug|Any CPU
		{6D48A2A5-47D6-4906-AA1C-52C1525D2986}.Debug|x86.Build.0 = Debug|Any CPU
		{6D48A2A5-47D6-4906-AA1C-52C1525D2986}.Release|Any CPU.ActiveCfg = Release|Any CPU
		{6D48A2A5-47D6-4906-AA1C-52C1525D2986}.Release|Any CPU.Build.0 = Release|Any CPU
		{6D48A2A5-47D6-4906-AA1C-52C1525D2986}.Release|ARM.ActiveCfg = Release|Any CPU
		{6D48A2A5-47D6-4906-AA1C-52C1525D2986}.Release|ARM.Build.0 = Release|Any CPU
		{6D48A2A5-47D6-4906-AA1C-52C1525D2986}.Release|iPhone.ActiveCfg = Release|Any CPU
		{6D48A2A5-47D6-4906-AA1C-52C1525D2986}.Release|iPhone.Build.0 = Release|Any CPU
		{6D48A2A5-47D6-4906-AA1C-52C1525D2986}.Release|iPhoneSimulator.ActiveCfg = Release|Any CPU
		{6D48A2A5-47D6-4906-AA1C-52C1525D2986}.Release|iPhoneSimulator.Build.0 = Release|Any CPU
		{6D48A2A5-47D6-4906-AA1C-52C1525D2986}.Release|x64.ActiveCfg = Release|Any CPU
		{6D48A2A5-47D6-4906-AA1C-52C1525D2986}.Release|x64.Build.0 = Release|Any CPU
		{6D48A2A5-47D6-4906-AA1C-52C1525D2986}.Release|x86.ActiveCfg = Release|Any CPU
		{6D48A2A5-47D6-4906-AA1C-52C1525D2986}.Release|x86.Build.0 = Release|Any CPU
		{40A077CF-B48A-4C48-9569-3204CD52415F}.Ad-Hoc|Any CPU.ActiveCfg = Ad-Hoc|iPhone
		{40A077CF-B48A-4C48-9569-3204CD52415F}.Ad-Hoc|ARM.ActiveCfg = Ad-Hoc|iPhone
		{40A077CF-B48A-4C48-9569-3204CD52415F}.Ad-Hoc|iPhone.ActiveCfg = Ad-Hoc|iPhone
		{40A077CF-B48A-4C48-9569-3204CD52415F}.Ad-Hoc|iPhone.Build.0 = Ad-Hoc|iPhone
		{40A077CF-B48A-4C48-9569-3204CD52415F}.Ad-Hoc|iPhoneSimulator.ActiveCfg = Ad-Hoc|iPhoneSimulator
		{40A077CF-B48A-4C48-9569-3204CD52415F}.Ad-Hoc|iPhoneSimulator.Build.0 = Ad-Hoc|iPhoneSimulator
		{40A077CF-B48A-4C48-9569-3204CD52415F}.Ad-Hoc|x64.ActiveCfg = Ad-Hoc|iPhone
		{40A077CF-B48A-4C48-9569-3204CD52415F}.Ad-Hoc|x86.ActiveCfg = Ad-Hoc|iPhone
		{40A077CF-B48A-4C48-9569-3204CD52415F}.AppStore|Any CPU.ActiveCfg = AppStore|iPhone
		{40A077CF-B48A-4C48-9569-3204CD52415F}.AppStore|ARM.ActiveCfg = AppStore|iPhone
		{40A077CF-B48A-4C48-9569-3204CD52415F}.AppStore|iPhone.ActiveCfg = AppStore|iPhone
		{40A077CF-B48A-4C48-9569-3204CD52415F}.AppStore|iPhone.Build.0 = AppStore|iPhone
		{40A077CF-B48A-4C48-9569-3204CD52415F}.AppStore|iPhoneSimulator.ActiveCfg = AppStore|iPhoneSimulator
		{40A077CF-B48A-4C48-9569-3204CD52415F}.AppStore|iPhoneSimulator.Build.0 = AppStore|iPhoneSimulator
		{40A077CF-B48A-4C48-9569-3204CD52415F}.AppStore|x64.ActiveCfg = AppStore|iPhone
		{40A077CF-B48A-4C48-9569-3204CD52415F}.AppStore|x86.ActiveCfg = AppStore|iPhone
		{40A077CF-B48A-4C48-9569-3204CD52415F}.Debug|Any CPU.ActiveCfg = Debug|iPhone
		{40A077CF-B48A-4C48-9569-3204CD52415F}.Debug|ARM.ActiveCfg = Debug|iPhone
		{40A077CF-B48A-4C48-9569-3204CD52415F}.Debug|iPhone.ActiveCfg = Debug|iPhone
		{40A077CF-B48A-4C48-9569-3204CD52415F}.Debug|iPhone.Build.0 = Debug|iPhone
		{40A077CF-B48A-4C48-9569-3204CD52415F}.Debug|iPhoneSimulator.ActiveCfg = Debug|iPhoneSimulator
		{40A077CF-B48A-4C48-9569-3204CD52415F}.Debug|iPhoneSimulator.Build.0 = Debug|iPhoneSimulator
		{40A077CF-B48A-4C48-9569-3204CD52415F}.Debug|x64.ActiveCfg = Debug|iPhone
		{40A077CF-B48A-4C48-9569-3204CD52415F}.Debug|x86.ActiveCfg = Debug|iPhone
		{40A077CF-B48A-4C48-9569-3204CD52415F}.Release|Any CPU.ActiveCfg = Release|iPhone
		{40A077CF-B48A-4C48-9569-3204CD52415F}.Release|ARM.ActiveCfg = Release|iPhone
		{40A077CF-B48A-4C48-9569-3204CD52415F}.Release|iPhone.ActiveCfg = Release|iPhone
		{40A077CF-B48A-4C48-9569-3204CD52415F}.Release|iPhone.Build.0 = Release|iPhone
		{40A077CF-B48A-4C48-9569-3204CD52415F}.Release|iPhoneSimulator.ActiveCfg = Release|iPhoneSimulator
		{40A077CF-B48A-4C48-9569-3204CD52415F}.Release|iPhoneSimulator.Build.0 = Release|iPhoneSimulator
		{40A077CF-B48A-4C48-9569-3204CD52415F}.Release|x64.ActiveCfg = Release|iPhone
		{40A077CF-B48A-4C48-9569-3204CD52415F}.Release|x86.ActiveCfg = Release|iPhone
		{75232FDE-CDD7-4E78-B1CE-B34F094B8F23}.Ad-Hoc|Any CPU.ActiveCfg = Release|x86
		{75232FDE-CDD7-4E78-B1CE-B34F094B8F23}.Ad-Hoc|Any CPU.Build.0 = Release|x86
		{75232FDE-CDD7-4E78-B1CE-B34F094B8F23}.Ad-Hoc|Any CPU.Deploy.0 = Release|x86
		{75232FDE-CDD7-4E78-B1CE-B34F094B8F23}.Ad-Hoc|ARM.ActiveCfg = Release|ARM
		{75232FDE-CDD7-4E78-B1CE-B34F094B8F23}.Ad-Hoc|ARM.Build.0 = Release|ARM
		{75232FDE-CDD7-4E78-B1CE-B34F094B8F23}.Ad-Hoc|ARM.Deploy.0 = Release|ARM
		{75232FDE-CDD7-4E78-B1CE-B34F094B8F23}.Ad-Hoc|iPhone.ActiveCfg = Release|x86
		{75232FDE-CDD7-4E78-B1CE-B34F094B8F23}.Ad-Hoc|iPhone.Build.0 = Release|x86
		{75232FDE-CDD7-4E78-B1CE-B34F094B8F23}.Ad-Hoc|iPhone.Deploy.0 = Release|x86
		{75232FDE-CDD7-4E78-B1CE-B34F094B8F23}.Ad-Hoc|iPhoneSimulator.ActiveCfg = Release|x86
		{75232FDE-CDD7-4E78-B1CE-B34F094B8F23}.Ad-Hoc|iPhoneSimulator.Build.0 = Release|x86
		{75232FDE-CDD7-4E78-B1CE-B34F094B8F23}.Ad-Hoc|iPhoneSimulator.Deploy.0 = Release|x86
		{75232FDE-CDD7-4E78-B1CE-B34F094B8F23}.Ad-Hoc|x64.ActiveCfg = Release|x64
		{75232FDE-CDD7-4E78-B1CE-B34F094B8F23}.Ad-Hoc|x64.Build.0 = Release|x64
		{75232FDE-CDD7-4E78-B1CE-B34F094B8F23}.Ad-Hoc|x64.Deploy.0 = Release|x64
		{75232FDE-CDD7-4E78-B1CE-B34F094B8F23}.Ad-Hoc|x86.ActiveCfg = Release|x86
		{75232FDE-CDD7-4E78-B1CE-B34F094B8F23}.Ad-Hoc|x86.Build.0 = Release|x86
		{75232FDE-CDD7-4E78-B1CE-B34F094B8F23}.Ad-Hoc|x86.Deploy.0 = Release|x86
		{75232FDE-CDD7-4E78-B1CE-B34F094B8F23}.AppStore|Any CPU.ActiveCfg = Release|x86
		{75232FDE-CDD7-4E78-B1CE-B34F094B8F23}.AppStore|Any CPU.Build.0 = Release|x86
		{75232FDE-CDD7-4E78-B1CE-B34F094B8F23}.AppStore|Any CPU.Deploy.0 = Release|x86
		{75232FDE-CDD7-4E78-B1CE-B34F094B8F23}.AppStore|ARM.ActiveCfg = Release|ARM
		{75232FDE-CDD7-4E78-B1CE-B34F094B8F23}.AppStore|ARM.Build.0 = Release|ARM
		{75232FDE-CDD7-4E78-B1CE-B34F094B8F23}.AppStore|ARM.Deploy.0 = Release|ARM
		{75232FDE-CDD7-4E78-B1CE-B34F094B8F23}.AppStore|iPhone.ActiveCfg = Release|x86
		{75232FDE-CDD7-4E78-B1CE-B34F094B8F23}.AppStore|iPhone.Build.0 = Release|x86
		{75232FDE-CDD7-4E78-B1CE-B34F094B8F23}.AppStore|iPhone.Deploy.0 = Release|x86
		{75232FDE-CDD7-4E78-B1CE-B34F094B8F23}.AppStore|iPhoneSimulator.ActiveCfg = Release|x86
		{75232FDE-CDD7-4E78-B1CE-B34F094B8F23}.AppStore|iPhoneSimulator.Build.0 = Release|x86
		{75232FDE-CDD7-4E78-B1CE-B34F094B8F23}.AppStore|iPhoneSimulator.Deploy.0 = Release|x86
		{75232FDE-CDD7-4E78-B1CE-B34F094B8F23}.AppStore|x64.ActiveCfg = Release|x64
		{75232FDE-CDD7-4E78-B1CE-B34F094B8F23}.AppStore|x64.Build.0 = Release|x64
		{75232FDE-CDD7-4E78-B1CE-B34F094B8F23}.AppStore|x64.Deploy.0 = Release|x64
		{75232FDE-CDD7-4E78-B1CE-B34F094B8F23}.AppStore|x86.ActiveCfg = Release|x86
		{75232FDE-CDD7-4E78-B1CE-B34F094B8F23}.AppStore|x86.Build.0 = Release|x86
		{75232FDE-CDD7-4E78-B1CE-B34F094B8F23}.AppStore|x86.Deploy.0 = Release|x86
		{75232FDE-CDD7-4E78-B1CE-B34F094B8F23}.Debug|Any CPU.ActiveCfg = Debug|x86
		{75232FDE-CDD7-4E78-B1CE-B34F094B8F23}.Debug|ARM.ActiveCfg = Debug|ARM
		{75232FDE-CDD7-4E78-B1CE-B34F094B8F23}.Debug|ARM.Build.0 = Debug|ARM
		{75232FDE-CDD7-4E78-B1CE-B34F094B8F23}.Debug|ARM.Deploy.0 = Debug|ARM
		{75232FDE-CDD7-4E78-B1CE-B34F094B8F23}.Debug|iPhone.ActiveCfg = Debug|x86
		{75232FDE-CDD7-4E78-B1CE-B34F094B8F23}.Debug|iPhoneSimulator.ActiveCfg = Debug|x86
		{75232FDE-CDD7-4E78-B1CE-B34F094B8F23}.Debug|x64.ActiveCfg = Debug|x64
		{75232FDE-CDD7-4E78-B1CE-B34F094B8F23}.Debug|x64.Build.0 = Debug|x64
		{75232FDE-CDD7-4E78-B1CE-B34F094B8F23}.Debug|x64.Deploy.0 = Debug|x64
		{75232FDE-CDD7-4E78-B1CE-B34F094B8F23}.Debug|x86.ActiveCfg = Debug|x86
		{75232FDE-CDD7-4E78-B1CE-B34F094B8F23}.Debug|x86.Build.0 = Debug|x86
		{75232FDE-CDD7-4E78-B1CE-B34F094B8F23}.Debug|x86.Deploy.0 = Debug|x86
		{75232FDE-CDD7-4E78-B1CE-B34F094B8F23}.Release|Any CPU.ActiveCfg = Release|x86
		{75232FDE-CDD7-4E78-B1CE-B34F094B8F23}.Release|ARM.ActiveCfg = Release|ARM
		{75232FDE-CDD7-4E78-B1CE-B34F094B8F23}.Release|ARM.Build.0 = Release|ARM
		{75232FDE-CDD7-4E78-B1CE-B34F094B8F23}.Release|ARM.Deploy.0 = Release|ARM
		{75232FDE-CDD7-4E78-B1CE-B34F094B8F23}.Release|iPhone.ActiveCfg = Release|x86
		{75232FDE-CDD7-4E78-B1CE-B34F094B8F23}.Release|iPhoneSimulator.ActiveCfg = Release|x86
		{75232FDE-CDD7-4E78-B1CE-B34F094B8F23}.Release|x64.ActiveCfg = Release|x64
		{75232FDE-CDD7-4E78-B1CE-B34F094B8F23}.Release|x64.Build.0 = Release|x64
		{75232FDE-CDD7-4E78-B1CE-B34F094B8F23}.Release|x64.Deploy.0 = Release|x64
		{75232FDE-CDD7-4E78-B1CE-B34F094B8F23}.Release|x86.ActiveCfg = Release|x86
		{75232FDE-CDD7-4E78-B1CE-B34F094B8F23}.Release|x86.Build.0 = Release|x86
		{75232FDE-CDD7-4E78-B1CE-B34F094B8F23}.Release|x86.Deploy.0 = Release|x86
		{11DFCAA5-B118-4133-9F93-3100648E8769}.Ad-Hoc|Any CPU.ActiveCfg = Release|Any CPU
		{11DFCAA5-B118-4133-9F93-3100648E8769}.Ad-Hoc|Any CPU.Build.0 = Release|Any CPU
		{11DFCAA5-B118-4133-9F93-3100648E8769}.Ad-Hoc|ARM.ActiveCfg = Release|Any CPU
		{11DFCAA5-B118-4133-9F93-3100648E8769}.Ad-Hoc|ARM.Build.0 = Release|Any CPU
		{11DFCAA5-B118-4133-9F93-3100648E8769}.Ad-Hoc|iPhone.ActiveCfg = Release|Any CPU
		{11DFCAA5-B118-4133-9F93-3100648E8769}.Ad-Hoc|iPhone.Build.0 = Release|Any CPU
		{11DFCAA5-B118-4133-9F93-3100648E8769}.Ad-Hoc|iPhoneSimulator.ActiveCfg = Release|Any CPU
		{11DFCAA5-B118-4133-9F93-3100648E8769}.Ad-Hoc|iPhoneSimulator.Build.0 = Release|Any CPU
		{11DFCAA5-B118-4133-9F93-3100648E8769}.Ad-Hoc|x64.ActiveCfg = Release|Any CPU
		{11DFCAA5-B118-4133-9F93-3100648E8769}.Ad-Hoc|x64.Build.0 = Release|Any CPU
		{11DFCAA5-B118-4133-9F93-3100648E8769}.Ad-Hoc|x86.ActiveCfg = Release|Any CPU
		{11DFCAA5-B118-4133-9F93-3100648E8769}.Ad-Hoc|x86.Build.0 = Release|Any CPU
		{11DFCAA5-B118-4133-9F93-3100648E8769}.AppStore|Any CPU.ActiveCfg = Release|Any CPU
		{11DFCAA5-B118-4133-9F93-3100648E8769}.AppStore|Any CPU.Build.0 = Release|Any CPU
		{11DFCAA5-B118-4133-9F93-3100648E8769}.AppStore|ARM.ActiveCfg = Release|Any CPU
		{11DFCAA5-B118-4133-9F93-3100648E8769}.AppStore|ARM.Build.0 = Release|Any CPU
		{11DFCAA5-B118-4133-9F93-3100648E8769}.AppStore|iPhone.ActiveCfg = Release|Any CPU
		{11DFCAA5-B118-4133-9F93-3100648E8769}.AppStore|iPhone.Build.0 = Release|Any CPU
		{11DFCAA5-B118-4133-9F93-3100648E8769}.AppStore|iPhoneSimulator.ActiveCfg = Release|Any CPU
		{11DFCAA5-B118-4133-9F93-3100648E8769}.AppStore|iPhoneSimulator.Build.0 = Release|Any CPU
		{11DFCAA5-B118-4133-9F93-3100648E8769}.AppStore|x64.ActiveCfg = Release|Any CPU
		{11DFCAA5-B118-4133-9F93-3100648E8769}.AppStore|x64.Build.0 = Release|Any CPU
		{11DFCAA5-B118-4133-9F93-3100648E8769}.AppStore|x86.ActiveCfg = Release|Any CPU
		{11DFCAA5-B118-4133-9F93-3100648E8769}.AppStore|x86.Build.0 = Release|Any CPU
		{11DFCAA5-B118-4133-9F93-3100648E8769}.Debug|Any CPU.ActiveCfg = Debug|Any CPU
		{11DFCAA5-B118-4133-9F93-3100648E8769}.Debug|Any CPU.Build.0 = Debug|Any CPU
		{11DFCAA5-B118-4133-9F93-3100648E8769}.Debug|ARM.ActiveCfg = Debug|Any CPU
		{11DFCAA5-B118-4133-9F93-3100648E8769}.Debug|ARM.Build.0 = Debug|Any CPU
		{11DFCAA5-B118-4133-9F93-3100648E8769}.Debug|iPhone.ActiveCfg = Debug|Any CPU
		{11DFCAA5-B118-4133-9F93-3100648E8769}.Debug|iPhone.Build.0 = Debug|Any CPU
		{11DFCAA5-B118-4133-9F93-3100648E8769}.Debug|iPhoneSimulator.ActiveCfg = Debug|Any CPU
		{11DFCAA5-B118-4133-9F93-3100648E8769}.Debug|iPhoneSimulator.Build.0 = Debug|Any CPU
		{11DFCAA5-B118-4133-9F93-3100648E8769}.Debug|x64.ActiveCfg = Debug|Any CPU
		{11DFCAA5-B118-4133-9F93-3100648E8769}.Debug|x64.Build.0 = Debug|Any CPU
		{11DFCAA5-B118-4133-9F93-3100648E8769}.Debug|x86.ActiveCfg = Debug|Any CPU
		{11DFCAA5-B118-4133-9F93-3100648E8769}.Debug|x86.Build.0 = Debug|Any CPU
		{11DFCAA5-B118-4133-9F93-3100648E8769}.Release|Any CPU.ActiveCfg = Release|Any CPU
		{11DFCAA5-B118-4133-9F93-3100648E8769}.Release|Any CPU.Build.0 = Release|Any CPU
		{11DFCAA5-B118-4133-9F93-3100648E8769}.Release|ARM.ActiveCfg = Release|Any CPU
		{11DFCAA5-B118-4133-9F93-3100648E8769}.Release|ARM.Build.0 = Release|Any CPU
		{11DFCAA5-B118-4133-9F93-3100648E8769}.Release|iPhone.ActiveCfg = Release|Any CPU
		{11DFCAA5-B118-4133-9F93-3100648E8769}.Release|iPhone.Build.0 = Release|Any CPU
		{11DFCAA5-B118-4133-9F93-3100648E8769}.Release|iPhoneSimulator.ActiveCfg = Release|Any CPU
		{11DFCAA5-B118-4133-9F93-3100648E8769}.Release|iPhoneSimulator.Build.0 = Release|Any CPU
		{11DFCAA5-B118-4133-9F93-3100648E8769}.Release|x64.ActiveCfg = Release|Any CPU
		{11DFCAA5-B118-4133-9F93-3100648E8769}.Release|x64.Build.0 = Release|Any CPU
		{11DFCAA5-B118-4133-9F93-3100648E8769}.Release|x86.ActiveCfg = Release|Any CPU
		{11DFCAA5-B118-4133-9F93-3100648E8769}.Release|x86.Build.0 = Release|Any CPU
		{13A3F599-6AF7-4377-8C9C-82B94900FB4F}.Ad-Hoc|Any CPU.ActiveCfg = Release|Any CPU
		{13A3F599-6AF7-4377-8C9C-82B94900FB4F}.Ad-Hoc|Any CPU.Build.0 = Release|Any CPU
		{13A3F599-6AF7-4377-8C9C-82B94900FB4F}.Ad-Hoc|ARM.ActiveCfg = Release|Any CPU
		{13A3F599-6AF7-4377-8C9C-82B94900FB4F}.Ad-Hoc|ARM.Build.0 = Release|Any CPU
		{13A3F599-6AF7-4377-8C9C-82B94900FB4F}.Ad-Hoc|iPhone.ActiveCfg = Release|Any CPU
		{13A3F599-6AF7-4377-8C9C-82B94900FB4F}.Ad-Hoc|iPhone.Build.0 = Release|Any CPU
		{13A3F599-6AF7-4377-8C9C-82B94900FB4F}.Ad-Hoc|iPhoneSimulator.ActiveCfg = Release|Any CPU
		{13A3F599-6AF7-4377-8C9C-82B94900FB4F}.Ad-Hoc|iPhoneSimulator.Build.0 = Release|Any CPU
		{13A3F599-6AF7-4377-8C9C-82B94900FB4F}.Ad-Hoc|x64.ActiveCfg = Release|Any CPU
		{13A3F599-6AF7-4377-8C9C-82B94900FB4F}.Ad-Hoc|x64.Build.0 = Release|Any CPU
		{13A3F599-6AF7-4377-8C9C-82B94900FB4F}.Ad-Hoc|x86.ActiveCfg = Release|Any CPU
		{13A3F599-6AF7-4377-8C9C-82B94900FB4F}.Ad-Hoc|x86.Build.0 = Release|Any CPU
		{13A3F599-6AF7-4377-8C9C-82B94900FB4F}.AppStore|Any CPU.ActiveCfg = Release|Any CPU
		{13A3F599-6AF7-4377-8C9C-82B94900FB4F}.AppStore|Any CPU.Build.0 = Release|Any CPU
		{13A3F599-6AF7-4377-8C9C-82B94900FB4F}.AppStore|ARM.ActiveCfg = Release|Any CPU
		{13A3F599-6AF7-4377-8C9C-82B94900FB4F}.AppStore|ARM.Build.0 = Release|Any CPU
		{13A3F599-6AF7-4377-8C9C-82B94900FB4F}.AppStore|iPhone.ActiveCfg = Release|Any CPU
		{13A3F599-6AF7-4377-8C9C-82B94900FB4F}.AppStore|iPhone.Build.0 = Release|Any CPU
		{13A3F599-6AF7-4377-8C9C-82B94900FB4F}.AppStore|iPhoneSimulator.ActiveCfg = Release|Any CPU
		{13A3F599-6AF7-4377-8C9C-82B94900FB4F}.AppStore|iPhoneSimulator.Build.0 = Release|Any CPU
		{13A3F599-6AF7-4377-8C9C-82B94900FB4F}.AppStore|x64.ActiveCfg = Release|Any CPU
		{13A3F599-6AF7-4377-8C9C-82B94900FB4F}.AppStore|x64.Build.0 = Release|Any CPU
		{13A3F599-6AF7-4377-8C9C-82B94900FB4F}.AppStore|x86.ActiveCfg = Release|Any CPU
		{13A3F599-6AF7-4377-8C9C-82B94900FB4F}.AppStore|x86.Build.0 = Release|Any CPU
		{13A3F599-6AF7-4377-8C9C-82B94900FB4F}.Debug|Any CPU.ActiveCfg = Debug|Any CPU
		{13A3F599-6AF7-4377-8C9C-82B94900FB4F}.Debug|Any CPU.Build.0 = Debug|Any CPU
		{13A3F599-6AF7-4377-8C9C-82B94900FB4F}.Debug|ARM.ActiveCfg = Debug|Any CPU
		{13A3F599-6AF7-4377-8C9C-82B94900FB4F}.Debug|ARM.Build.0 = Debug|Any CPU
		{13A3F599-6AF7-4377-8C9C-82B94900FB4F}.Debug|iPhone.ActiveCfg = Debug|Any CPU
		{13A3F599-6AF7-4377-8C9C-82B94900FB4F}.Debug|iPhone.Build.0 = Debug|Any CPU
		{13A3F599-6AF7-4377-8C9C-82B94900FB4F}.Debug|iPhoneSimulator.ActiveCfg = Debug|Any CPU
		{13A3F599-6AF7-4377-8C9C-82B94900FB4F}.Debug|iPhoneSimulator.Build.0 = Debug|Any CPU
		{13A3F599-6AF7-4377-8C9C-82B94900FB4F}.Debug|x64.ActiveCfg = Debug|Any CPU
		{13A3F599-6AF7-4377-8C9C-82B94900FB4F}.Debug|x64.Build.0 = Debug|Any CPU
		{13A3F599-6AF7-4377-8C9C-82B94900FB4F}.Debug|x86.ActiveCfg = Debug|Any CPU
		{13A3F599-6AF7-4377-8C9C-82B94900FB4F}.Debug|x86.Build.0 = Debug|Any CPU
		{13A3F599-6AF7-4377-8C9C-82B94900FB4F}.Release|Any CPU.ActiveCfg = Release|Any CPU
		{13A3F599-6AF7-4377-8C9C-82B94900FB4F}.Release|Any CPU.Build.0 = Release|Any CPU
		{13A3F599-6AF7-4377-8C9C-82B94900FB4F}.Release|ARM.ActiveCfg = Release|Any CPU
		{13A3F599-6AF7-4377-8C9C-82B94900FB4F}.Release|ARM.Build.0 = Release|Any CPU
		{13A3F599-6AF7-4377-8C9C-82B94900FB4F}.Release|iPhone.ActiveCfg = Release|Any CPU
		{13A3F599-6AF7-4377-8C9C-82B94900FB4F}.Release|iPhone.Build.0 = Release|Any CPU
		{13A3F599-6AF7-4377-8C9C-82B94900FB4F}.Release|iPhoneSimulator.ActiveCfg = Release|Any CPU
		{13A3F599-6AF7-4377-8C9C-82B94900FB4F}.Release|iPhoneSimulator.Build.0 = Release|Any CPU
		{13A3F599-6AF7-4377-8C9C-82B94900FB4F}.Release|x64.ActiveCfg = Release|Any CPU
		{13A3F599-6AF7-4377-8C9C-82B94900FB4F}.Release|x64.Build.0 = Release|Any CPU
		{13A3F599-6AF7-4377-8C9C-82B94900FB4F}.Release|x86.ActiveCfg = Release|Any CPU
		{13A3F599-6AF7-4377-8C9C-82B94900FB4F}.Release|x86.Build.0 = Release|Any CPU
		{2BC18F08-59B2-4252-8439-ADF6569A63F2}.Ad-Hoc|Any CPU.ActiveCfg = Release|Any CPU
		{2BC18F08-59B2-4252-8439-ADF6569A63F2}.Ad-Hoc|Any CPU.Build.0 = Release|Any CPU
		{2BC18F08-59B2-4252-8439-ADF6569A63F2}.Ad-Hoc|ARM.ActiveCfg = Release|Any CPU
		{2BC18F08-59B2-4252-8439-ADF6569A63F2}.Ad-Hoc|ARM.Build.0 = Release|Any CPU
		{2BC18F08-59B2-4252-8439-ADF6569A63F2}.Ad-Hoc|iPhone.ActiveCfg = Release|Any CPU
		{2BC18F08-59B2-4252-8439-ADF6569A63F2}.Ad-Hoc|iPhone.Build.0 = Release|Any CPU
		{2BC18F08-59B2-4252-8439-ADF6569A63F2}.Ad-Hoc|iPhoneSimulator.ActiveCfg = Release|Any CPU
		{2BC18F08-59B2-4252-8439-ADF6569A63F2}.Ad-Hoc|iPhoneSimulator.Build.0 = Release|Any CPU
		{2BC18F08-59B2-4252-8439-ADF6569A63F2}.Ad-Hoc|x64.ActiveCfg = Release|Any CPU
		{2BC18F08-59B2-4252-8439-ADF6569A63F2}.Ad-Hoc|x64.Build.0 = Release|Any CPU
		{2BC18F08-59B2-4252-8439-ADF6569A63F2}.Ad-Hoc|x86.ActiveCfg = Release|Any CPU
		{2BC18F08-59B2-4252-8439-ADF6569A63F2}.Ad-Hoc|x86.Build.0 = Release|Any CPU
		{2BC18F08-59B2-4252-8439-ADF6569A63F2}.AppStore|Any CPU.ActiveCfg = Release|Any CPU
		{2BC18F08-59B2-4252-8439-ADF6569A63F2}.AppStore|Any CPU.Build.0 = Release|Any CPU
		{2BC18F08-59B2-4252-8439-ADF6569A63F2}.AppStore|ARM.ActiveCfg = Release|Any CPU
		{2BC18F08-59B2-4252-8439-ADF6569A63F2}.AppStore|ARM.Build.0 = Release|Any CPU
		{2BC18F08-59B2-4252-8439-ADF6569A63F2}.AppStore|iPhone.ActiveCfg = Release|Any CPU
		{2BC18F08-59B2-4252-8439-ADF6569A63F2}.AppStore|iPhone.Build.0 = Release|Any CPU
		{2BC18F08-59B2-4252-8439-ADF6569A63F2}.AppStore|iPhoneSimulator.ActiveCfg = Release|Any CPU
		{2BC18F08-59B2-4252-8439-ADF6569A63F2}.AppStore|iPhoneSimulator.Build.0 = Release|Any CPU
		{2BC18F08-59B2-4252-8439-ADF6569A63F2}.AppStore|x64.ActiveCfg = Release|Any CPU
		{2BC18F08-59B2-4252-8439-ADF6569A63F2}.AppStore|x64.Build.0 = Release|Any CPU
		{2BC18F08-59B2-4252-8439-ADF6569A63F2}.AppStore|x86.ActiveCfg = Release|Any CPU
		{2BC18F08-59B2-4252-8439-ADF6569A63F2}.AppStore|x86.Build.0 = Release|Any CPU
		{2BC18F08-59B2-4252-8439-ADF6569A63F2}.Debug|Any CPU.ActiveCfg = Debug|Any CPU
		{2BC18F08-59B2-4252-8439-ADF6569A63F2}.Debug|Any CPU.Build.0 = Debug|Any CPU
		{2BC18F08-59B2-4252-8439-ADF6569A63F2}.Debug|Any CPU.Deploy.0 = Debug|Any CPU
		{2BC18F08-59B2-4252-8439-ADF6569A63F2}.Debug|ARM.ActiveCfg = Debug|Any CPU
		{2BC18F08-59B2-4252-8439-ADF6569A63F2}.Debug|ARM.Build.0 = Debug|Any CPU
		{2BC18F08-59B2-4252-8439-ADF6569A63F2}.Debug|iPhone.ActiveCfg = Debug|Any CPU
		{2BC18F08-59B2-4252-8439-ADF6569A63F2}.Debug|iPhone.Build.0 = Debug|Any CPU
		{2BC18F08-59B2-4252-8439-ADF6569A63F2}.Debug|iPhoneSimulator.ActiveCfg = Debug|Any CPU
		{2BC18F08-59B2-4252-8439-ADF6569A63F2}.Debug|iPhoneSimulator.Build.0 = Debug|Any CPU
		{2BC18F08-59B2-4252-8439-ADF6569A63F2}.Debug|x64.ActiveCfg = Debug|Any CPU
		{2BC18F08-59B2-4252-8439-ADF6569A63F2}.Debug|x64.Build.0 = Debug|Any CPU
		{2BC18F08-59B2-4252-8439-ADF6569A63F2}.Debug|x86.ActiveCfg = Debug|Any CPU
		{2BC18F08-59B2-4252-8439-ADF6569A63F2}.Debug|x86.Build.0 = Debug|Any CPU
		{2BC18F08-59B2-4252-8439-ADF6569A63F2}.Release|Any CPU.ActiveCfg = Release|Any CPU
		{2BC18F08-59B2-4252-8439-ADF6569A63F2}.Release|Any CPU.Build.0 = Release|Any CPU
		{2BC18F08-59B2-4252-8439-ADF6569A63F2}.Release|Any CPU.Deploy.0 = Release|Any CPU
		{2BC18F08-59B2-4252-8439-ADF6569A63F2}.Release|ARM.ActiveCfg = Release|Any CPU
		{2BC18F08-59B2-4252-8439-ADF6569A63F2}.Release|ARM.Build.0 = Release|Any CPU
		{2BC18F08-59B2-4252-8439-ADF6569A63F2}.Release|iPhone.ActiveCfg = Release|Any CPU
		{2BC18F08-59B2-4252-8439-ADF6569A63F2}.Release|iPhone.Build.0 = Release|Any CPU
		{2BC18F08-59B2-4252-8439-ADF6569A63F2}.Release|iPhoneSimulator.ActiveCfg = Release|Any CPU
		{2BC18F08-59B2-4252-8439-ADF6569A63F2}.Release|iPhoneSimulator.Build.0 = Release|Any CPU
		{2BC18F08-59B2-4252-8439-ADF6569A63F2}.Release|x64.ActiveCfg = Release|Any CPU
		{2BC18F08-59B2-4252-8439-ADF6569A63F2}.Release|x64.Build.0 = Release|Any CPU
		{2BC18F08-59B2-4252-8439-ADF6569A63F2}.Release|x86.ActiveCfg = Release|Any CPU
		{2BC18F08-59B2-4252-8439-ADF6569A63F2}.Release|x86.Build.0 = Release|Any CPU
		{E29461F4-C71B-4C0F-B16B-B2E6299D7ABB}.Ad-Hoc|Any CPU.ActiveCfg = Release|Any CPU
		{E29461F4-C71B-4C0F-B16B-B2E6299D7ABB}.Ad-Hoc|Any CPU.Build.0 = Release|Any CPU
		{E29461F4-C71B-4C0F-B16B-B2E6299D7ABB}.Ad-Hoc|ARM.ActiveCfg = Release|Any CPU
		{E29461F4-C71B-4C0F-B16B-B2E6299D7ABB}.Ad-Hoc|ARM.Build.0 = Release|Any CPU
		{E29461F4-C71B-4C0F-B16B-B2E6299D7ABB}.Ad-Hoc|iPhone.ActiveCfg = Release|Any CPU
		{E29461F4-C71B-4C0F-B16B-B2E6299D7ABB}.Ad-Hoc|iPhone.Build.0 = Release|Any CPU
		{E29461F4-C71B-4C0F-B16B-B2E6299D7ABB}.Ad-Hoc|iPhoneSimulator.ActiveCfg = Release|Any CPU
		{E29461F4-C71B-4C0F-B16B-B2E6299D7ABB}.Ad-Hoc|iPhoneSimulator.Build.0 = Release|Any CPU
		{E29461F4-C71B-4C0F-B16B-B2E6299D7ABB}.Ad-Hoc|x64.ActiveCfg = Release|Any CPU
		{E29461F4-C71B-4C0F-B16B-B2E6299D7ABB}.Ad-Hoc|x64.Build.0 = Release|Any CPU
		{E29461F4-C71B-4C0F-B16B-B2E6299D7ABB}.Ad-Hoc|x86.ActiveCfg = Release|Any CPU
		{E29461F4-C71B-4C0F-B16B-B2E6299D7ABB}.Ad-Hoc|x86.Build.0 = Release|Any CPU
		{E29461F4-C71B-4C0F-B16B-B2E6299D7ABB}.AppStore|Any CPU.ActiveCfg = Release|Any CPU
		{E29461F4-C71B-4C0F-B16B-B2E6299D7ABB}.AppStore|Any CPU.Build.0 = Release|Any CPU
		{E29461F4-C71B-4C0F-B16B-B2E6299D7ABB}.AppStore|ARM.ActiveCfg = Release|Any CPU
		{E29461F4-C71B-4C0F-B16B-B2E6299D7ABB}.AppStore|ARM.Build.0 = Release|Any CPU
		{E29461F4-C71B-4C0F-B16B-B2E6299D7ABB}.AppStore|iPhone.ActiveCfg = Release|Any CPU
		{E29461F4-C71B-4C0F-B16B-B2E6299D7ABB}.AppStore|iPhone.Build.0 = Release|Any CPU
		{E29461F4-C71B-4C0F-B16B-B2E6299D7ABB}.AppStore|iPhoneSimulator.ActiveCfg = Release|Any CPU
		{E29461F4-C71B-4C0F-B16B-B2E6299D7ABB}.AppStore|iPhoneSimulator.Build.0 = Release|Any CPU
		{E29461F4-C71B-4C0F-B16B-B2E6299D7ABB}.AppStore|x64.ActiveCfg = Release|Any CPU
		{E29461F4-C71B-4C0F-B16B-B2E6299D7ABB}.AppStore|x64.Build.0 = Release|Any CPU
		{E29461F4-C71B-4C0F-B16B-B2E6299D7ABB}.AppStore|x86.ActiveCfg = Release|Any CPU
		{E29461F4-C71B-4C0F-B16B-B2E6299D7ABB}.AppStore|x86.Build.0 = Release|Any CPU
		{E29461F4-C71B-4C0F-B16B-B2E6299D7ABB}.Debug|Any CPU.ActiveCfg = Debug|Any CPU
		{E29461F4-C71B-4C0F-B16B-B2E6299D7ABB}.Debug|Any CPU.Build.0 = Debug|Any CPU
		{E29461F4-C71B-4C0F-B16B-B2E6299D7ABB}.Debug|ARM.ActiveCfg = Debug|Any CPU
		{E29461F4-C71B-4C0F-B16B-B2E6299D7ABB}.Debug|ARM.Build.0 = Debug|Any CPU
		{E29461F4-C71B-4C0F-B16B-B2E6299D7ABB}.Debug|iPhone.ActiveCfg = Debug|Any CPU
		{E29461F4-C71B-4C0F-B16B-B2E6299D7ABB}.Debug|iPhone.Build.0 = Debug|Any CPU
		{E29461F4-C71B-4C0F-B16B-B2E6299D7ABB}.Debug|iPhoneSimulator.ActiveCfg = Debug|Any CPU
		{E29461F4-C71B-4C0F-B16B-B2E6299D7ABB}.Debug|iPhoneSimulator.Build.0 = Debug|Any CPU
		{E29461F4-C71B-4C0F-B16B-B2E6299D7ABB}.Debug|x64.ActiveCfg = Debug|Any CPU
		{E29461F4-C71B-4C0F-B16B-B2E6299D7ABB}.Debug|x64.Build.0 = Debug|Any CPU
		{E29461F4-C71B-4C0F-B16B-B2E6299D7ABB}.Debug|x86.ActiveCfg = Debug|Any CPU
		{E29461F4-C71B-4C0F-B16B-B2E6299D7ABB}.Debug|x86.Build.0 = Debug|Any CPU
		{E29461F4-C71B-4C0F-B16B-B2E6299D7ABB}.Release|Any CPU.ActiveCfg = Release|Any CPU
		{E29461F4-C71B-4C0F-B16B-B2E6299D7ABB}.Release|Any CPU.Build.0 = Release|Any CPU
		{E29461F4-C71B-4C0F-B16B-B2E6299D7ABB}.Release|ARM.ActiveCfg = Release|Any CPU
		{E29461F4-C71B-4C0F-B16B-B2E6299D7ABB}.Release|ARM.Build.0 = Release|Any CPU
		{E29461F4-C71B-4C0F-B16B-B2E6299D7ABB}.Release|iPhone.ActiveCfg = Release|Any CPU
		{E29461F4-C71B-4C0F-B16B-B2E6299D7ABB}.Release|iPhone.Build.0 = Release|Any CPU
		{E29461F4-C71B-4C0F-B16B-B2E6299D7ABB}.Release|iPhoneSimulator.ActiveCfg = Release|Any CPU
		{E29461F4-C71B-4C0F-B16B-B2E6299D7ABB}.Release|iPhoneSimulator.Build.0 = Release|Any CPU
		{E29461F4-C71B-4C0F-B16B-B2E6299D7ABB}.Release|x64.ActiveCfg = Release|Any CPU
		{E29461F4-C71B-4C0F-B16B-B2E6299D7ABB}.Release|x64.Build.0 = Release|Any CPU
		{E29461F4-C71B-4C0F-B16B-B2E6299D7ABB}.Release|x86.ActiveCfg = Release|Any CPU
		{E29461F4-C71B-4C0F-B16B-B2E6299D7ABB}.Release|x86.Build.0 = Release|Any CPU
		{7C0C2664-1F7E-4E7B-B9EB-1FDB978DFB2B}.Ad-Hoc|Any CPU.ActiveCfg = Release|x64
		{7C0C2664-1F7E-4E7B-B9EB-1FDB978DFB2B}.Ad-Hoc|Any CPU.Build.0 = Release|x64
		{7C0C2664-1F7E-4E7B-B9EB-1FDB978DFB2B}.Ad-Hoc|Any CPU.Deploy.0 = Release|x64
		{7C0C2664-1F7E-4E7B-B9EB-1FDB978DFB2B}.Ad-Hoc|ARM.ActiveCfg = Release|ARM
		{7C0C2664-1F7E-4E7B-B9EB-1FDB978DFB2B}.Ad-Hoc|ARM.Build.0 = Release|ARM
		{7C0C2664-1F7E-4E7B-B9EB-1FDB978DFB2B}.Ad-Hoc|ARM.Deploy.0 = Release|ARM
		{7C0C2664-1F7E-4E7B-B9EB-1FDB978DFB2B}.Ad-Hoc|ARM64.ActiveCfg = Release|ARM64
		{7C0C2664-1F7E-4E7B-B9EB-1FDB978DFB2B}.Ad-Hoc|ARM64.Build.0 = Release|ARM64
		{7C0C2664-1F7E-4E7B-B9EB-1FDB978DFB2B}.Ad-Hoc|ARM64.Deploy.0 = Release|ARM64
		{7C0C2664-1F7E-4E7B-B9EB-1FDB978DFB2B}.Ad-Hoc|iPhone.ActiveCfg = Release|x64
		{7C0C2664-1F7E-4E7B-B9EB-1FDB978DFB2B}.Ad-Hoc|iPhone.Build.0 = Release|x64
		{7C0C2664-1F7E-4E7B-B9EB-1FDB978DFB2B}.Ad-Hoc|iPhone.Deploy.0 = Release|x64
		{7C0C2664-1F7E-4E7B-B9EB-1FDB978DFB2B}.Ad-Hoc|iPhoneSimulator.ActiveCfg = Release|x64
		{7C0C2664-1F7E-4E7B-B9EB-1FDB978DFB2B}.Ad-Hoc|iPhoneSimulator.Build.0 = Release|x64
		{7C0C2664-1F7E-4E7B-B9EB-1FDB978DFB2B}.Ad-Hoc|iPhoneSimulator.Deploy.0 = Release|x64
		{7C0C2664-1F7E-4E7B-B9EB-1FDB978DFB2B}.Ad-Hoc|x64.ActiveCfg = Release|x64
		{7C0C2664-1F7E-4E7B-B9EB-1FDB978DFB2B}.Ad-Hoc|x64.Build.0 = Release|x64
		{7C0C2664-1F7E-4E7B-B9EB-1FDB978DFB2B}.Ad-Hoc|x64.Deploy.0 = Release|x64
		{7C0C2664-1F7E-4E7B-B9EB-1FDB978DFB2B}.Ad-Hoc|x86.ActiveCfg = Release|x86
		{7C0C2664-1F7E-4E7B-B9EB-1FDB978DFB2B}.Ad-Hoc|x86.Build.0 = Release|x86
		{7C0C2664-1F7E-4E7B-B9EB-1FDB978DFB2B}.Ad-Hoc|x86.Deploy.0 = Release|x86
		{7C0C2664-1F7E-4E7B-B9EB-1FDB978DFB2B}.AppStore|Any CPU.ActiveCfg = Release|x64
		{7C0C2664-1F7E-4E7B-B9EB-1FDB978DFB2B}.AppStore|Any CPU.Build.0 = Release|x64
		{7C0C2664-1F7E-4E7B-B9EB-1FDB978DFB2B}.AppStore|Any CPU.Deploy.0 = Release|x64
		{7C0C2664-1F7E-4E7B-B9EB-1FDB978DFB2B}.AppStore|ARM.ActiveCfg = Release|ARM
		{7C0C2664-1F7E-4E7B-B9EB-1FDB978DFB2B}.AppStore|ARM.Build.0 = Release|ARM
		{7C0C2664-1F7E-4E7B-B9EB-1FDB978DFB2B}.AppStore|ARM.Deploy.0 = Release|ARM
		{7C0C2664-1F7E-4E7B-B9EB-1FDB978DFB2B}.AppStore|ARM64.ActiveCfg = Release|ARM64
		{7C0C2664-1F7E-4E7B-B9EB-1FDB978DFB2B}.AppStore|ARM64.Build.0 = Release|ARM64
		{7C0C2664-1F7E-4E7B-B9EB-1FDB978DFB2B}.AppStore|ARM64.Deploy.0 = Release|ARM64
		{7C0C2664-1F7E-4E7B-B9EB-1FDB978DFB2B}.AppStore|iPhone.ActiveCfg = Release|x64
		{7C0C2664-1F7E-4E7B-B9EB-1FDB978DFB2B}.AppStore|iPhone.Build.0 = Release|x64
		{7C0C2664-1F7E-4E7B-B9EB-1FDB978DFB2B}.AppStore|iPhone.Deploy.0 = Release|x64
		{7C0C2664-1F7E-4E7B-B9EB-1FDB978DFB2B}.AppStore|iPhoneSimulator.ActiveCfg = Release|x64
		{7C0C2664-1F7E-4E7B-B9EB-1FDB978DFB2B}.AppStore|iPhoneSimulator.Build.0 = Release|x64
		{7C0C2664-1F7E-4E7B-B9EB-1FDB978DFB2B}.AppStore|iPhoneSimulator.Deploy.0 = Release|x64
		{7C0C2664-1F7E-4E7B-B9EB-1FDB978DFB2B}.AppStore|x64.ActiveCfg = Release|x64
		{7C0C2664-1F7E-4E7B-B9EB-1FDB978DFB2B}.AppStore|x64.Build.0 = Release|x64
		{7C0C2664-1F7E-4E7B-B9EB-1FDB978DFB2B}.AppStore|x64.Deploy.0 = Release|x64
		{7C0C2664-1F7E-4E7B-B9EB-1FDB978DFB2B}.AppStore|x86.ActiveCfg = Release|x86
		{7C0C2664-1F7E-4E7B-B9EB-1FDB978DFB2B}.AppStore|x86.Build.0 = Release|x86
		{7C0C2664-1F7E-4E7B-B9EB-1FDB978DFB2B}.AppStore|x86.Deploy.0 = Release|x86
		{7C0C2664-1F7E-4E7B-B9EB-1FDB978DFB2B}.Debug|Any CPU.ActiveCfg = Debug|x86
		{7C0C2664-1F7E-4E7B-B9EB-1FDB978DFB2B}.Debug|ARM.ActiveCfg = Debug|ARM
		{7C0C2664-1F7E-4E7B-B9EB-1FDB978DFB2B}.Debug|ARM.Build.0 = Debug|ARM
		{7C0C2664-1F7E-4E7B-B9EB-1FDB978DFB2B}.Debug|ARM.Deploy.0 = Debug|ARM
		{7C0C2664-1F7E-4E7B-B9EB-1FDB978DFB2B}.Debug|ARM64.ActiveCfg = Debug|ARM64
		{7C0C2664-1F7E-4E7B-B9EB-1FDB978DFB2B}.Debug|ARM64.Build.0 = Debug|ARM64
		{7C0C2664-1F7E-4E7B-B9EB-1FDB978DFB2B}.Debug|ARM64.Deploy.0 = Debug|ARM64
		{7C0C2664-1F7E-4E7B-B9EB-1FDB978DFB2B}.Debug|iPhone.ActiveCfg = Debug|x86
		{7C0C2664-1F7E-4E7B-B9EB-1FDB978DFB2B}.Debug|iPhoneSimulator.ActiveCfg = Debug|x86
		{7C0C2664-1F7E-4E7B-B9EB-1FDB978DFB2B}.Debug|x64.ActiveCfg = Debug|x64
		{7C0C2664-1F7E-4E7B-B9EB-1FDB978DFB2B}.Debug|x64.Build.0 = Debug|x64
		{7C0C2664-1F7E-4E7B-B9EB-1FDB978DFB2B}.Debug|x64.Deploy.0 = Debug|x64
		{7C0C2664-1F7E-4E7B-B9EB-1FDB978DFB2B}.Debug|x86.ActiveCfg = Debug|x86
		{7C0C2664-1F7E-4E7B-B9EB-1FDB978DFB2B}.Debug|x86.Build.0 = Debug|x86
		{7C0C2664-1F7E-4E7B-B9EB-1FDB978DFB2B}.Debug|x86.Deploy.0 = Debug|x86
		{7C0C2664-1F7E-4E7B-B9EB-1FDB978DFB2B}.Release|Any CPU.ActiveCfg = Release|x86
		{7C0C2664-1F7E-4E7B-B9EB-1FDB978DFB2B}.Release|ARM.ActiveCfg = Release|ARM
		{7C0C2664-1F7E-4E7B-B9EB-1FDB978DFB2B}.Release|ARM.Build.0 = Release|ARM
		{7C0C2664-1F7E-4E7B-B9EB-1FDB978DFB2B}.Release|ARM.Deploy.0 = Release|ARM
		{7C0C2664-1F7E-4E7B-B9EB-1FDB978DFB2B}.Release|ARM64.ActiveCfg = Release|ARM64
		{7C0C2664-1F7E-4E7B-B9EB-1FDB978DFB2B}.Release|ARM64.Build.0 = Release|ARM64
		{7C0C2664-1F7E-4E7B-B9EB-1FDB978DFB2B}.Release|ARM64.Deploy.0 = Release|ARM64
		{7C0C2664-1F7E-4E7B-B9EB-1FDB978DFB2B}.Release|iPhone.ActiveCfg = Release|x86
		{7C0C2664-1F7E-4E7B-B9EB-1FDB978DFB2B}.Release|iPhoneSimulator.ActiveCfg = Release|x86
		{7C0C2664-1F7E-4E7B-B9EB-1FDB978DFB2B}.Release|x64.ActiveCfg = Release|x64
		{7C0C2664-1F7E-4E7B-B9EB-1FDB978DFB2B}.Release|x64.Build.0 = Release|x64
		{7C0C2664-1F7E-4E7B-B9EB-1FDB978DFB2B}.Release|x64.Deploy.0 = Release|x64
		{7C0C2664-1F7E-4E7B-B9EB-1FDB978DFB2B}.Release|x86.ActiveCfg = Release|x86
		{7C0C2664-1F7E-4E7B-B9EB-1FDB978DFB2B}.Release|x86.Build.0 = Release|x86
		{7C0C2664-1F7E-4E7B-B9EB-1FDB978DFB2B}.Release|x86.Deploy.0 = Release|x86
	EndGlobalSection
	GlobalSection(SolutionProperties) = preSolution
		HideSolutionNode = FALSE
	EndGlobalSection
	GlobalSection(ExtensibilityGlobals) = postSolution
		SolutionGuid = {F6D05029-56B8-4E45-AF2D-0E76295DDBA2}
	EndGlobalSection
EndGlobal
